
Microsoft Visual Studio Solution File, Format Version 12.00
# Visual Studio Version 16
VisualStudioVersion = 16.0.29613.14
MinimumVisualStudioVersion = 10.0.40219.1
Project("{FAE04EC0-301F-11D3-BF4B-00C04F79EFBC}") = "myfirstHTML", "myfirstHTML.csproj", "{999B9588-4C7C-4B9B-9399-174E6CC2AE07}"
EndProject
Global
	GlobalSection(SolutionConfigurationPlatforms) = preSolution
		Debug|Any CPU = Debug|Any CPU
		Release|Any CPU = Release|Any CPU
	EndGlobalSection
	GlobalSection(ProjectConfigurationPlatforms) = postSolution
		{999B9588-4C7C-4B9B-9399-174E6CC2AE07}.Debug|Any CPU.ActiveCfg = Debug|Any CPU
		{999B9588-4C7C-4B9B-9399-174E6CC2AE07}.Debug|Any CPU.Build.0 = Debug|Any CPU
		{999B9588-4C7C-4B9B-9399-174E6CC2AE07}.Release|Any CPU.ActiveCfg = Release|Any CPU
		{999B9588-4C7C-4B9B-9399-174E6CC2AE07}.Release|Any CPU.Build.0 = Release|Any CPU
	EndGlobalSection
	GlobalSection(SolutionProperties) = preSolution
		HideSolutionNode = FALSE
	EndGlobalSection
	GlobalSection(ExtensibilityGlobals) = postSolution
		SolutionGuid = {00933744-C5F9-4521-A479-A9F8B3E23B1E}
	EndGlobalSection
EndGlobal
