
Microsoft Visual Studio Solution File, Format Version 12.00
# Visual Studio Version 16
VisualStudioVersion = 16.0.29613.14
MinimumVisualStudioVersion = 10.0.40219.1
Project("{FAE04EC0-301F-11D3-BF4B-00C04F79EFBC}") = "CollegeManagementSystem", "CollegeManagementSystem.csproj", "{5F6E8EF1-F34B-4366-85A6-C97DCF2A51EE}"
EndProject
Global
	GlobalSection(SolutionConfigurationPlatforms) = preSolution
		Debug|Any CPU = Debug|Any CPU
		Release|Any CPU = Release|Any CPU
	EndGlobalSection
	GlobalSection(ProjectConfigurationPlatforms) = postSolution
		{5F6E8EF1-F34B-4366-85A6-C97DCF2A51EE}.Debug|Any CPU.ActiveCfg = Debug|Any CPU
		{5F6E8EF1-F34B-4366-85A6-C97DCF2A51EE}.Debug|Any CPU.Build.0 = Debug|Any CPU
		{5F6E8EF1-F34B-4366-85A6-C97DCF2A51EE}.Release|Any CPU.ActiveCfg = Release|Any CPU
		{5F6E8EF1-F34B-4366-85A6-C97DCF2A51EE}.Release|Any CPU.Build.0 = Release|Any CPU
	EndGlobalSection
	GlobalSection(SolutionProperties) = preSolution
		HideSolutionNode = FALSE
	EndGlobalSection
	GlobalSection(ExtensibilityGlobals) = postSolution
		SolutionGuid = {D30BCD3A-CC36-464A-B42B-C4EFACA7963F}
	EndGlobalSection
EndGlobal
