
Microsoft Visual Studio Solution File, Format Version 12.00
# Visual Studio Version 16
VisualStudioVersion = 16.0.29613.14
MinimumVisualStudioVersion = 10.0.40219.1
Project("{FAE04EC0-301F-11D3-BF4B-00C04F79EFBC}") = "cookies1", "cookies1.csproj", "{B19257A7-0C64-4B07-A10D-DD938245E553}"
EndProject
Global
	GlobalSection(SolutionConfigurationPlatforms) = preSolution
		Debug|Any CPU = Debug|Any CPU
		Release|Any CPU = Release|Any CPU
	EndGlobalSection
	GlobalSection(ProjectConfigurationPlatforms) = postSolution
		{B19257A7-0C64-4B07-A10D-DD938245E553}.Debug|Any CPU.ActiveCfg = Debug|Any CPU
		{B19257A7-0C64-4B07-A10D-DD938245E553}.Debug|Any CPU.Build.0 = Debug|Any CPU
		{B19257A7-0C64-4B07-A10D-DD938245E553}.Release|Any CPU.ActiveCfg = Release|Any CPU
		{B19257A7-0C64-4B07-A10D-DD938245E553}.Release|Any CPU.Build.0 = Release|Any CPU
	EndGlobalSection
	GlobalSection(SolutionProperties) = preSolution
		HideSolutionNode = FALSE
	EndGlobalSection
	GlobalSection(ExtensibilityGlobals) = postSolution
		SolutionGuid = {B0CDE280-E26C-4233-97F5-99870E3A64C2}
	EndGlobalSection
EndGlobal
